
Microsoft Visual Studio Solution File, Format Version 12.00
# Visual Studio Version 17
VisualStudioVersion = 17.7.34024.191
MinimumVisualStudioVersion = 10.0.40219.1
Project("{9A19103F-16F7-4668-BE54-9A1E7A4F7556}") = "kmdv", "kmdv\kmdv.csproj", "{1121AA1D-AB3C-475E-9F36-8112052B89E9}"
EndProject
Global
	GlobalSection(SolutionConfigurationPlatforms) = preSolution
		Debug|Any CPU = Debug|Any CPU
		Debug|x64 = Debug|x64
		Release|Any CPU = Release|Any CPU
		Release|x64 = Release|x64
	EndGlobalSection
	GlobalSection(ProjectConfigurationPlatforms) = postSolution
		{1121AA1D-AB3C-475E-9F36-8112052B89E9}.Debug|Any CPU.ActiveCfg = Debug|Any CPU
		{1121AA1D-AB3C-475E-9F36-8112052B89E9}.Debug|Any CPU.Build.0 = Debug|Any CPU
		{1121AA1D-AB3C-475E-9F36-8112052B89E9}.Debug|x64.ActiveCfg = Debug|x64
		{1121AA1D-AB3C-475E-9F36-8112052B89E9}.Debug|x64.Build.0 = Debug|x64
		{1121AA1D-AB3C-475E-9F36-8112052B89E9}.Release|Any CPU.ActiveCfg = Release|Any CPU
		{1121AA1D-AB3C-475E-9F36-8112052B89E9}.Release|Any CPU.Build.0 = Release|Any CPU
		{1121AA1D-AB3C-475E-9F36-8112052B89E9}.Release|x64.ActiveCfg = Release|x64
		{1121AA1D-AB3C-475E-9F36-8112052B89E9}.Release|x64.Build.0 = Release|x64
	EndGlobalSection
	GlobalSection(SolutionProperties) = preSolution
		HideSolutionNode = FALSE
	EndGlobalSection
	GlobalSection(ExtensibilityGlobals) = postSolution
		SolutionGuid = {5D84FB3D-9C35-4B55-A113-EDF0FAB5C24B}
	EndGlobalSection
EndGlobal
