
Microsoft Visual Studio Solution File, Format Version 12.00
# Visual Studio Version 17
VisualStudioVersion = 17.7.34024.191
MinimumVisualStudioVersion = 10.0.40219.1
Project("{FAE04EC0-301F-11D3-BF4B-00C04F79EFBC}") = "kmdv", "kmdv\kmdv.csproj", "{1121AA1D-AB3C-475E-9F36-8112052B89E9}"
EndProject
Global
	GlobalSection(SolutionConfigurationPlatforms) = preSolution
		Debug|Any CPU = Debug|Any CPU
		Release|Any CPU = Release|Any CPU
	EndGlobalSection
	GlobalSection(ProjectConfigurationPlatforms) = postSolution
		{1121AA1D-AB3C-475E-9F36-8112052B89E9}.Debug|Any CPU.ActiveCfg = Debug|Any CPU
		{1121AA1D-AB3C-475E-9F36-8112052B89E9}.Debug|Any CPU.Build.0 = Debug|Any CPU
		{1121AA1D-AB3C-475E-9F36-8112052B89E9}.Release|Any CPU.ActiveCfg = Release|Any CPU
		{1121AA1D-AB3C-475E-9F36-8112052B89E9}.Release|Any CPU.Build.0 = Release|Any CPU
	EndGlobalSection
	GlobalSection(SolutionProperties) = preSolution
		HideSolutionNode = FALSE
	EndGlobalSection
	GlobalSection(ExtensibilityGlobals) = postSolution
		SolutionGuid = {5D84FB3D-9C35-4B55-A113-EDF0FAB5C24B}
	EndGlobalSection
EndGlobal
